
Microsoft Visual Studio Solution File, Format Version 12.00
# Visual Studio Version 16
VisualStudioVersion = 25.0.1703.6
MinimumVisualStudioVersion = 10.0.40219.1
Project("{FAE04EC0-301F-11D3-BF4B-00C04F79EFBC}") = "CodingEventsDemo", "CodingEventsDemo.csproj", "{33BFA655-C28C-4D2C-AD92-7D9E1D909008}"
EndProject
Global
	GlobalSection(SolutionConfigurationPlatforms) = preSolution
		Debug|Any CPU = Debug|Any CPU
		Release|Any CPU = Release|Any CPU
	EndGlobalSection
	GlobalSection(ProjectConfigurationPlatforms) = postSolution
		{33BFA655-C28C-4D2C-AD92-7D9E1D909008}.Debug|Any CPU.ActiveCfg = Debug|Any CPU
		{33BFA655-C28C-4D2C-AD92-7D9E1D909008}.Debug|Any CPU.Build.0 = Debug|Any CPU
		{33BFA655-C28C-4D2C-AD92-7D9E1D909008}.Release|Any CPU.ActiveCfg = Release|Any CPU
		{33BFA655-C28C-4D2C-AD92-7D9E1D909008}.Release|Any CPU.Build.0 = Release|Any CPU
	EndGlobalSection
	GlobalSection(SolutionProperties) = preSolution
		HideSolutionNode = FALSE
	EndGlobalSection
	GlobalSection(ExtensibilityGlobals) = postSolution
		SolutionGuid = {4099042F-0400-4C61-BBA5-6463A59889B8}
	EndGlobalSection
EndGlobal
